<?xml version="1.0" encoding="utf-8"?>
<Project ToolsVersion="4.0" xmlns="http://schemas.microsoft.com/developer/msbuild/2003">
  <ItemGroup>
    <Filter Include="win32">
      <UniqueIdentifier>{84a8ebd7-7cf0-47f6-b75e-d441df67da40}</UniqueIdentifier>
    </Filter>
    <Filter Include="resource">
      <UniqueIdentifier>{715254bc-d70b-4ec5-bf29-467dd3ace079}</UniqueIdentifier>
    </Filter>
    <Filter Include="src">
      <UniqueIdentifier>{bb6c862e-70e9-49d9-81b7-3829a6f50471}</UniqueIdentifier>
    </Filter>
    <Filter Include="src\common">
      <UniqueIdentifier>{de82fdb0-f0bd-43e0-a590-cf0c359648c8}</UniqueIdentifier>
    </Filter>
    <Filter Include="src\common\network">
      <UniqueIdentifier>{c9ab973e-5394-41ec-b346-02fc688f47b4}</UniqueIdentifier>
    </Filter>
    <Filter Include="src\common\protobuf">
      <UniqueIdentifier>{df0a79e1-c1e4-4b1f-aede-9430b4c0ed00}</UniqueIdentifier>
    </Filter>
    <Filter Include="src\common\protobuf-lite">
      <UniqueIdentifier>{d8d112be-52b4-4215-bcf5-d6de89260954}</UniqueIdentifier>
    </Filter>
  </ItemGroup>
  <ItemGroup>
    <ClCompile Include="main.cpp">
      <Filter>win32</Filter>
    </ClCompile>
    <ClCompile Include="..\Classes\AppDelegate.cpp">
      <Filter>src</Filter>
    </ClCompile>
    <ClCompile Include="..\Classes\HelloWorldScene.cpp">
      <Filter>src</Filter>
    </ClCompile>
    <ClCompile Include="..\Classes\SelectStarScene.cpp">
      <Filter>src</Filter>
    </ClCompile>
    <ClCompile Include="..\Classes\StartScene.cpp">
      <Filter>src</Filter>
    </ClCompile>
    <ClCompile Include="..\Classes\FortuneScene.cpp">
      <Filter>src</Filter>
    </ClCompile>
    <ClCompile Include="..\Classes\FortuneSetScene.cpp">
      <Filter>src</Filter>
    </ClCompile>
    <ClCompile Include="..\..\common\PopupLayer.cpp">
      <Filter>src\common</Filter>
    </ClCompile>
    <ClCompile Include="..\..\common\StarRapidJson.cpp">
      <Filter>src\common</Filter>
    </ClCompile>
    <ClCompile Include="..\..\common\protobuf\starPB.cpp">
      <Filter>src\common\protobuf</Filter>
    </ClCompile>
    <ClCompile Include="..\Classes\starNetwork.cpp">
      <Filter>src</Filter>
    </ClCompile>
    <ClCompile Include="..\..\common\protobuf-lite\google\protobuf\extension_set.cc">
      <Filter>src\common\protobuf-lite</Filter>
    </ClCompile>
    <ClCompile Include="..\..\common\protobuf-lite\google\protobuf\generated_message_util.cc">
      <Filter>src\common\protobuf-lite</Filter>
    </ClCompile>
    <ClCompile Include="..\..\common\protobuf-lite\google\protobuf\message_lite.cc">
      <Filter>src\common\protobuf-lite</Filter>
    </ClCompile>
    <ClCompile Include="..\..\common\protobuf-lite\google\protobuf\repeated_field.cc">
      <Filter>src\common\protobuf-lite</Filter>
    </ClCompile>
    <ClCompile Include="..\..\common\protobuf-lite\google\protobuf\wire_format_lite.cc">
      <Filter>src\common\protobuf-lite</Filter>
    </ClCompile>
    <ClCompile Include="..\..\common\protobuf-lite\google\protobuf\io\coded_stream.cc">
      <Filter>src\common\protobuf-lite</Filter>
    </ClCompile>
    <ClCompile Include="..\..\common\protobuf-lite\google\protobuf\io\zero_copy_stream.cc">
      <Filter>src\common\protobuf-lite</Filter>
    </ClCompile>
    <ClCompile Include="..\..\common\protobuf-lite\google\protobuf\io\zero_copy_stream_impl_lite.cc">
      <Filter>src\common\protobuf-lite</Filter>
    </ClCompile>
    <ClCompile Include="..\..\common\protobuf-lite\google\protobuf\stubs\atomicops_internals_x86_gcc.cc">
      <Filter>src\common\protobuf-lite</Filter>
    </ClCompile>
    <ClCompile Include="..\..\common\protobuf-lite\google\protobuf\stubs\atomicops_internals_x86_msvc.cc">
      <Filter>src\common\protobuf-lite</Filter>
    </ClCompile>
    <ClCompile Include="..\..\common\protobuf-lite\google\protobuf\stubs\common.cc">
      <Filter>src\common\protobuf-lite</Filter>
    </ClCompile>
    <ClCompile Include="..\..\common\protobuf-lite\google\protobuf\stubs\once.cc">
      <Filter>src\common\protobuf-lite</Filter>
    </ClCompile>
    <ClCompile Include="..\..\common\protobuf-lite\google\protobuf\stubs\stringprintf.cc">
      <Filter>src\common\protobuf-lite</Filter>
    </ClCompile>
    <ClCompile Include="..\Classes\starLibEvent.cpp">
      <Filter>src</Filter>
    </ClCompile>
  </ItemGroup>
  <ItemGroup>
    <ClInclude Include="main.h">
      <Filter>win32</Filter>
    </ClInclude>
    <ClInclude Include="..\Classes\AppDelegate.h">
      <Filter>src</Filter>
    </ClInclude>
    <ClInclude Include="..\Classes\HelloWorldScene.h">
      <Filter>src</Filter>
    </ClInclude>
    <ClInclude Include="..\Classes\SelectStarScene.h">
      <Filter>src</Filter>
    </ClInclude>
    <ClInclude Include="..\Classes\StartScene.h">
      <Filter>src</Filter>
    </ClInclude>
    <ClInclude Include="..\Classes\FortuneScene.h">
      <Filter>src</Filter>
    </ClInclude>
    <ClInclude Include="..\..\common\common.h">
      <Filter>src\common</Filter>
    </ClInclude>
    <ClInclude Include="..\Classes\FortuneSetScene.h">
      <Filter>src</Filter>
    </ClInclude>
    <ClInclude Include="..\..\common\PopupLayer.h">
      <Filter>src\common</Filter>
    </ClInclude>
    <ClInclude Include="..\..\common\StarRapidJson.h">
      <Filter>src\common</Filter>
    </ClInclude>
    <ClInclude Include="..\..\common\network\include\zmq.h">
      <Filter>src\common\network</Filter>
    </ClInclude>
    <ClInclude Include="..\..\common\network\include\zmq_utils.h">
      <Filter>src\common\network</Filter>
    </ClInclude>
    <ClInclude Include="..\..\common\protobuf\starPB.h">
      <Filter>src\common\protobuf</Filter>
    </ClInclude>
    <ClInclude Include="..\Classes\starNetwork.h">
      <Filter>src</Filter>
    </ClInclude>
    <ClInclude Include="..\..\common\protobuf-lite\config.h">
      <Filter>src\common\protobuf-lite</Filter>
    </ClInclude>
    <ClInclude Include="..\..\common\protobuf-lite\google\protobuf\extension_set.h">
      <Filter>src\common\protobuf-lite</Filter>
    </ClInclude>
    <ClInclude Include="..\..\common\protobuf-lite\google\protobuf\generated_message_util.h">
      <Filter>src\common\protobuf-lite</Filter>
    </ClInclude>
    <ClInclude Include="..\..\common\protobuf-lite\google\protobuf\message_lite.h">
      <Filter>src\common\protobuf-lite</Filter>
    </ClInclude>
    <ClInclude Include="..\..\common\protobuf-lite\google\protobuf\repeated_field.h">
      <Filter>src\common\protobuf-lite</Filter>
    </ClInclude>
    <ClInclude Include="..\..\common\protobuf-lite\google\protobuf\wire_format_lite.h">
      <Filter>src\common\protobuf-lite</Filter>
    </ClInclude>
    <ClInclude Include="..\..\common\protobuf-lite\google\protobuf\wire_format_lite_inl.h">
      <Filter>src\common\protobuf-lite</Filter>
    </ClInclude>
    <ClInclude Include="..\..\common\protobuf-lite\google\protobuf\io\coded_stream.h">
      <Filter>src\common\protobuf-lite</Filter>
    </ClInclude>
    <ClInclude Include="..\..\common\protobuf-lite\google\protobuf\io\coded_stream_inl.h">
      <Filter>src\common\protobuf-lite</Filter>
    </ClInclude>
    <ClInclude Include="..\..\common\protobuf-lite\google\protobuf\io\zero_copy_stream.h">
      <Filter>src\common\protobuf-lite</Filter>
    </ClInclude>
    <ClInclude Include="..\..\common\protobuf-lite\google\protobuf\io\zero_copy_stream_impl.h">
      <Filter>src\common\protobuf-lite</Filter>
    </ClInclude>
    <ClInclude Include="..\..\common\protobuf-lite\google\protobuf\io\zero_copy_stream_impl_lite.h">
      <Filter>src\common\protobuf-lite</Filter>
    </ClInclude>
    <ClInclude Include="..\..\common\protobuf-lite\google\protobuf\stubs\atomicops.h">
      <Filter>src\common\protobuf-lite</Filter>
    </ClInclude>
    <ClInclude Include="..\..\common\protobuf-lite\google\protobuf\stubs\atomicops_internals_arm_gcc.h">
      <Filter>src\common\protobuf-lite</Filter>
    </ClInclude>
    <ClInclude Include="..\..\common\protobuf-lite\google\protobuf\stubs\atomicops_internals_atomicword_compat.h">
      <Filter>src\common\protobuf-lite</Filter>
    </ClInclude>
    <ClInclude Include="..\..\common\protobuf-lite\google\protobuf\stubs\atomicops_internals_generic_gcc.h">
      <Filter>src\common\protobuf-lite</Filter>
    </ClInclude>
    <ClInclude Include="..\..\common\protobuf-lite\google\protobuf\stubs\atomicops_internals_macosx.h">
      <Filter>src\common\protobuf-lite</Filter>
    </ClInclude>
    <ClInclude Include="..\..\common\protobuf-lite\google\protobuf\stubs\atomicops_internals_x86_gcc.h">
      <Filter>src\common\protobuf-lite</Filter>
    </ClInclude>
    <ClInclude Include="..\..\common\protobuf-lite\google\protobuf\stubs\atomicops_internals_x86_msvc.h">
      <Filter>src\common\protobuf-lite</Filter>
    </ClInclude>
    <ClInclude Include="..\..\common\protobuf-lite\google\protobuf\stubs\common.h">
      <Filter>src\common\protobuf-lite</Filter>
    </ClInclude>
    <ClInclude Include="..\..\common\protobuf-lite\google\protobuf\stubs\hash.h">
      <Filter>src\common\protobuf-lite</Filter>
    </ClInclude>
    <ClInclude Include="..\..\common\protobuf-lite\google\protobuf\stubs\map-util.h">
      <Filter>src\common\protobuf-lite</Filter>
    </ClInclude>
    <ClInclude Include="..\..\common\protobuf-lite\google\protobuf\stubs\once.h">
      <Filter>src\common\protobuf-lite</Filter>
    </ClInclude>
    <ClInclude Include="..\..\common\protobuf-lite\google\protobuf\stubs\platform_macros.h">
      <Filter>src\common\protobuf-lite</Filter>
    </ClInclude>
    <ClInclude Include="..\..\common\protobuf-lite\google\protobuf\stubs\stl_util.h">
      <Filter>src\common\protobuf-lite</Filter>
    </ClInclude>
    <ClInclude Include="..\..\common\protobuf-lite\google\protobuf\stubs\stringprintf.h">
      <Filter>src\common\protobuf-lite</Filter>
    </ClInclude>
    <ClInclude Include="..\..\common\protobuf-lite\google\protobuf\stubs\template_util.h">
      <Filter>src\common\protobuf-lite</Filter>
    </ClInclude>
    <ClInclude Include="..\..\common\protobuf-lite\google\protobuf\stubs\type_traits.h">
      <Filter>src\common\protobuf-lite</Filter>
    </ClInclude>
  </ItemGroup>
  <ItemGroup>
    <ResourceCompile Include="game.rc">
      <Filter>resource</Filter>
    </ResourceCompile>
  </ItemGroup>
  <ItemGroup>
    <None Include="..\..\common\protobuf\star.proto">
      <Filter>src\common\protobuf</Filter>
    </None>
  </ItemGroup>
</Project>